
Microsoft Visual Studio Solution File, Format Version 12.00
# Visual Studio 14
VisualStudioVersion = 14.0.23107.0
MinimumVisualStudioVersion = 10.0.40219.1
Project("{FAE04EC0-301F-11D3-BF4B-00C04F79EFBC}") = "Hel10.App", "Hel10.App\Hel10.App.csproj", "{B2281E9F-1781-4949-8138-0150BBD35171}"
EndProject
Project("{FAE04EC0-301F-11D3-BF4B-00C04F79EFBC}") = "Hel10.Azure.Search", "Hel10.Azure.Search\Hel10.Azure.Search.csproj", "{3AD8BF0A-6DFF-4A73-A05B-B7CF6AE6FDB1}"
EndProject
Project("{FAE04EC0-301F-11D3-BF4B-00C04F79EFBC}") = "Hel10.Oxford.Speak", "Hel10.Oxford.Speak\Hel10.Oxford.Speak.csproj", "{C6E2E859-04DC-4484-A87B-C34A0FE63252}"
EndProject
Project("{FAE04EC0-301F-11D3-BF4B-00C04F79EFBC}") = "Hel10.Oxford.Vision", "Helo10.Oxford.Vision\Hel10.Oxford.Vision.csproj", "{2F0416F6-2A17-433A-904F-4F1ADD1DC196}"
EndProject
Project("{FAE04EC0-301F-11D3-BF4B-00C04F79EFBC}") = "Hel10.Oxford.Face", "Hel10.Oxford.Face\Hel10.Oxford.Face.csproj", "{BFF8B9A8-1A39-4EEF-AD4A-0FC15180C871}"
EndProject
Project("{FAE04EC0-301F-11D3-BF4B-00C04F79EFBC}") = "Hel10.Oxford.Emotion", "Hel10.Oxford.Emotion\Hel10.Oxford.Emotion.csproj", "{11680F95-1353-4D6B-B5FB-3338A1122AAE}"
EndProject
Global
	GlobalSection(SolutionConfigurationPlatforms) = preSolution
		Debug|Any CPU = Debug|Any CPU
		Debug|ARM = Debug|ARM
		Debug|x64 = Debug|x64
		Debug|x86 = Debug|x86
		Release|Any CPU = Release|Any CPU
		Release|ARM = Release|ARM
		Release|x64 = Release|x64
		Release|x86 = Release|x86
	EndGlobalSection
	GlobalSection(ProjectConfigurationPlatforms) = postSolution
		{B2281E9F-1781-4949-8138-0150BBD35171}.Debug|Any CPU.ActiveCfg = Debug|x86
		{B2281E9F-1781-4949-8138-0150BBD35171}.Debug|ARM.ActiveCfg = Debug|ARM
		{B2281E9F-1781-4949-8138-0150BBD35171}.Debug|ARM.Build.0 = Debug|ARM
		{B2281E9F-1781-4949-8138-0150BBD35171}.Debug|ARM.Deploy.0 = Debug|ARM
		{B2281E9F-1781-4949-8138-0150BBD35171}.Debug|x64.ActiveCfg = Debug|x64
		{B2281E9F-1781-4949-8138-0150BBD35171}.Debug|x64.Build.0 = Debug|x64
		{B2281E9F-1781-4949-8138-0150BBD35171}.Debug|x64.Deploy.0 = Debug|x64
		{B2281E9F-1781-4949-8138-0150BBD35171}.Debug|x86.ActiveCfg = Debug|x86
		{B2281E9F-1781-4949-8138-0150BBD35171}.Debug|x86.Build.0 = Debug|x86
		{B2281E9F-1781-4949-8138-0150BBD35171}.Debug|x86.Deploy.0 = Debug|x86
		{B2281E9F-1781-4949-8138-0150BBD35171}.Release|Any CPU.ActiveCfg = Release|x86
		{B2281E9F-1781-4949-8138-0150BBD35171}.Release|ARM.ActiveCfg = Release|ARM
		{B2281E9F-1781-4949-8138-0150BBD35171}.Release|ARM.Build.0 = Release|ARM
		{B2281E9F-1781-4949-8138-0150BBD35171}.Release|ARM.Deploy.0 = Release|ARM
		{B2281E9F-1781-4949-8138-0150BBD35171}.Release|x64.ActiveCfg = Release|x64
		{B2281E9F-1781-4949-8138-0150BBD35171}.Release|x64.Build.0 = Release|x64
		{B2281E9F-1781-4949-8138-0150BBD35171}.Release|x64.Deploy.0 = Release|x64
		{B2281E9F-1781-4949-8138-0150BBD35171}.Release|x86.ActiveCfg = Release|x86
		{B2281E9F-1781-4949-8138-0150BBD35171}.Release|x86.Build.0 = Release|x86
		{B2281E9F-1781-4949-8138-0150BBD35171}.Release|x86.Deploy.0 = Release|x86
		{3AD8BF0A-6DFF-4A73-A05B-B7CF6AE6FDB1}.Debug|Any CPU.ActiveCfg = Debug|Any CPU
		{3AD8BF0A-6DFF-4A73-A05B-B7CF6AE6FDB1}.Debug|Any CPU.Build.0 = Debug|Any CPU
		{3AD8BF0A-6DFF-4A73-A05B-B7CF6AE6FDB1}.Debug|ARM.ActiveCfg = Debug|ARM
		{3AD8BF0A-6DFF-4A73-A05B-B7CF6AE6FDB1}.Debug|ARM.Build.0 = Debug|ARM
		{3AD8BF0A-6DFF-4A73-A05B-B7CF6AE6FDB1}.Debug|x64.ActiveCfg = Debug|x64
		{3AD8BF0A-6DFF-4A73-A05B-B7CF6AE6FDB1}.Debug|x64.Build.0 = Debug|x64
		{3AD8BF0A-6DFF-4A73-A05B-B7CF6AE6FDB1}.Debug|x86.ActiveCfg = Debug|x86
		{3AD8BF0A-6DFF-4A73-A05B-B7CF6AE6FDB1}.Debug|x86.Build.0 = Debug|x86
		{3AD8BF0A-6DFF-4A73-A05B-B7CF6AE6FDB1}.Release|Any CPU.ActiveCfg = Release|Any CPU
		{3AD8BF0A-6DFF-4A73-A05B-B7CF6AE6FDB1}.Release|Any CPU.Build.0 = Release|Any CPU
		{3AD8BF0A-6DFF-4A73-A05B-B7CF6AE6FDB1}.Release|ARM.ActiveCfg = Release|ARM
		{3AD8BF0A-6DFF-4A73-A05B-B7CF6AE6FDB1}.Release|ARM.Build.0 = Release|ARM
		{3AD8BF0A-6DFF-4A73-A05B-B7CF6AE6FDB1}.Release|x64.ActiveCfg = Release|x64
		{3AD8BF0A-6DFF-4A73-A05B-B7CF6AE6FDB1}.Release|x64.Build.0 = Release|x64
		{3AD8BF0A-6DFF-4A73-A05B-B7CF6AE6FDB1}.Release|x86.ActiveCfg = Release|x86
		{3AD8BF0A-6DFF-4A73-A05B-B7CF6AE6FDB1}.Release|x86.Build.0 = Release|x86
		{C6E2E859-04DC-4484-A87B-C34A0FE63252}.Debug|Any CPU.ActiveCfg = Debug|Any CPU
		{C6E2E859-04DC-4484-A87B-C34A0FE63252}.Debug|Any CPU.Build.0 = Debug|Any CPU
		{C6E2E859-04DC-4484-A87B-C34A0FE63252}.Debug|ARM.ActiveCfg = Debug|ARM
		{C6E2E859-04DC-4484-A87B-C34A0FE63252}.Debug|ARM.Build.0 = Debug|ARM
		{C6E2E859-04DC-4484-A87B-C34A0FE63252}.Debug|x64.ActiveCfg = Debug|x64
		{C6E2E859-04DC-4484-A87B-C34A0FE63252}.Debug|x64.Build.0 = Debug|x64
		{C6E2E859-04DC-4484-A87B-C34A0FE63252}.Debug|x86.ActiveCfg = Debug|x86
		{C6E2E859-04DC-4484-A87B-C34A0FE63252}.Debug|x86.Build.0 = Debug|x86
		{C6E2E859-04DC-4484-A87B-C34A0FE63252}.Release|Any CPU.ActiveCfg = Release|Any CPU
		{C6E2E859-04DC-4484-A87B-C34A0FE63252}.Release|Any CPU.Build.0 = Release|Any CPU
		{C6E2E859-04DC-4484-A87B-C34A0FE63252}.Release|ARM.ActiveCfg = Release|ARM
		{C6E2E859-04DC-4484-A87B-C34A0FE63252}.Release|ARM.Build.0 = Release|ARM
		{C6E2E859-04DC-4484-A87B-C34A0FE63252}.Release|x64.ActiveCfg = Release|x64
		{C6E2E859-04DC-4484-A87B-C34A0FE63252}.Release|x64.Build.0 = Release|x64
		{C6E2E859-04DC-4484-A87B-C34A0FE63252}.Release|x86.ActiveCfg = Release|x86
		{C6E2E859-04DC-4484-A87B-C34A0FE63252}.Release|x86.Build.0 = Release|x86
		{2F0416F6-2A17-433A-904F-4F1ADD1DC196}.Debug|Any CPU.ActiveCfg = Debug|Any CPU
		{2F0416F6-2A17-433A-904F-4F1ADD1DC196}.Debug|Any CPU.Build.0 = Debug|Any CPU
		{2F0416F6-2A17-433A-904F-4F1ADD1DC196}.Debug|ARM.ActiveCfg = Debug|ARM
		{2F0416F6-2A17-433A-904F-4F1ADD1DC196}.Debug|ARM.Build.0 = Debug|ARM
		{2F0416F6-2A17-433A-904F-4F1ADD1DC196}.Debug|x64.ActiveCfg = Debug|x64
		{2F0416F6-2A17-433A-904F-4F1ADD1DC196}.Debug|x64.Build.0 = Debug|x64
		{2F0416F6-2A17-433A-904F-4F1ADD1DC196}.Debug|x86.ActiveCfg = Debug|x86
		{2F0416F6-2A17-433A-904F-4F1ADD1DC196}.Debug|x86.Build.0 = Debug|x86
		{2F0416F6-2A17-433A-904F-4F1ADD1DC196}.Release|Any CPU.ActiveCfg = Release|Any CPU
		{2F0416F6-2A17-433A-904F-4F1ADD1DC196}.Release|Any CPU.Build.0 = Release|Any CPU
		{2F0416F6-2A17-433A-904F-4F1ADD1DC196}.Release|ARM.ActiveCfg = Release|ARM
		{2F0416F6-2A17-433A-904F-4F1ADD1DC196}.Release|ARM.Build.0 = Release|ARM
		{2F0416F6-2A17-433A-904F-4F1ADD1DC196}.Release|x64.ActiveCfg = Release|x64
		{2F0416F6-2A17-433A-904F-4F1ADD1DC196}.Release|x64.Build.0 = Release|x64
		{2F0416F6-2A17-433A-904F-4F1ADD1DC196}.Release|x86.ActiveCfg = Release|x86
		{2F0416F6-2A17-433A-904F-4F1ADD1DC196}.Release|x86.Build.0 = Release|x86
		{BFF8B9A8-1A39-4EEF-AD4A-0FC15180C871}.Debug|Any CPU.ActiveCfg = Debug|Any CPU
		{BFF8B9A8-1A39-4EEF-AD4A-0FC15180C871}.Debug|Any CPU.Build.0 = Debug|Any CPU
		{BFF8B9A8-1A39-4EEF-AD4A-0FC15180C871}.Debug|ARM.ActiveCfg = Debug|ARM
		{BFF8B9A8-1A39-4EEF-AD4A-0FC15180C871}.Debug|ARM.Build.0 = Debug|ARM
		{BFF8B9A8-1A39-4EEF-AD4A-0FC15180C871}.Debug|x64.ActiveCfg = Debug|x64
		{BFF8B9A8-1A39-4EEF-AD4A-0FC15180C871}.Debug|x64.Build.0 = Debug|x64
		{BFF8B9A8-1A39-4EEF-AD4A-0FC15180C871}.Debug|x86.ActiveCfg = Debug|x86
		{BFF8B9A8-1A39-4EEF-AD4A-0FC15180C871}.Debug|x86.Build.0 = Debug|x86
		{BFF8B9A8-1A39-4EEF-AD4A-0FC15180C871}.Release|Any CPU.ActiveCfg = Release|Any CPU
		{BFF8B9A8-1A39-4EEF-AD4A-0FC15180C871}.Release|Any CPU.Build.0 = Release|Any CPU
		{BFF8B9A8-1A39-4EEF-AD4A-0FC15180C871}.Release|ARM.ActiveCfg = Release|ARM
		{BFF8B9A8-1A39-4EEF-AD4A-0FC15180C871}.Release|ARM.Build.0 = Release|ARM
		{BFF8B9A8-1A39-4EEF-AD4A-0FC15180C871}.Release|x64.ActiveCfg = Release|x64
		{BFF8B9A8-1A39-4EEF-AD4A-0FC15180C871}.Release|x64.Build.0 = Release|x64
		{BFF8B9A8-1A39-4EEF-AD4A-0FC15180C871}.Release|x86.ActiveCfg = Release|x86
		{BFF8B9A8-1A39-4EEF-AD4A-0FC15180C871}.Release|x86.Build.0 = Release|x86
		{11680F95-1353-4D6B-B5FB-3338A1122AAE}.Debug|Any CPU.ActiveCfg = Debug|Any CPU
		{11680F95-1353-4D6B-B5FB-3338A1122AAE}.Debug|Any CPU.Build.0 = Debug|Any CPU
		{11680F95-1353-4D6B-B5FB-3338A1122AAE}.Debug|ARM.ActiveCfg = Debug|ARM
		{11680F95-1353-4D6B-B5FB-3338A1122AAE}.Debug|ARM.Build.0 = Debug|ARM
		{11680F95-1353-4D6B-B5FB-3338A1122AAE}.Debug|x64.ActiveCfg = Debug|x64
		{11680F95-1353-4D6B-B5FB-3338A1122AAE}.Debug|x64.Build.0 = Debug|x64
		{11680F95-1353-4D6B-B5FB-3338A1122AAE}.Debug|x86.ActiveCfg = Debug|x86
		{11680F95-1353-4D6B-B5FB-3338A1122AAE}.Debug|x86.Build.0 = Debug|x86
		{11680F95-1353-4D6B-B5FB-3338A1122AAE}.Release|Any CPU.ActiveCfg = Release|Any CPU
		{11680F95-1353-4D6B-B5FB-3338A1122AAE}.Release|Any CPU.Build.0 = Release|Any CPU
		{11680F95-1353-4D6B-B5FB-3338A1122AAE}.Release|ARM.ActiveCfg = Release|ARM
		{11680F95-1353-4D6B-B5FB-3338A1122AAE}.Release|ARM.Build.0 = Release|ARM
		{11680F95-1353-4D6B-B5FB-3338A1122AAE}.Release|x64.ActiveCfg = Release|x64
		{11680F95-1353-4D6B-B5FB-3338A1122AAE}.Release|x64.Build.0 = Release|x64
		{11680F95-1353-4D6B-B5FB-3338A1122AAE}.Release|x86.ActiveCfg = Release|x86
		{11680F95-1353-4D6B-B5FB-3338A1122AAE}.Release|x86.Build.0 = Release|x86
	EndGlobalSection
	GlobalSection(SolutionProperties) = preSolution
		HideSolutionNode = FALSE
	EndGlobalSection
	GlobalSection(TeamFoundationVersionControl) = preSolution
		SccNumberOfProjects = 7
		SccEnterpriseProvider = {4CA58AB2-18FA-4F8D-95D4-32DDF27D184C}
		SccTeamFoundationServer = https://santiagoporras.visualstudio.com/defaultcollection
		SccLocalPath0 = .
		SccProjectUniqueName1 = Hel10.App\\Hel10.App.csproj
		SccProjectName1 = Hel10.App
		SccLocalPath1 = Hel10.App
		SccProjectUniqueName2 = Hel10.Azure.Search\\Hel10.Azure.Search.csproj
		SccProjectName2 = Hel10.Azure.Search
		SccLocalPath2 = Hel10.Azure.Search
		SccProjectUniqueName3 = Hel10.Oxford.Speak\\Hel10.Oxford.Speak.csproj
		SccProjectName3 = Hel10.Oxford.Speak
		SccLocalPath3 = Hel10.Oxford.Speak
		SccProjectUniqueName4 = Hel10.Oxford.Face\\Hel10.Oxford.Face.csproj
		SccProjectName4 = Hel10.Oxford.Face
		SccLocalPath4 = Hel10.Oxford.Face
		SccProjectUniqueName5 = Helo10.Oxford.Vision\\Hel10.Oxford.Vision.csproj
		SccProjectName5 = Helo10.Oxford.Vision
		SccLocalPath5 = Helo10.Oxford.Vision
		SccProjectUniqueName6 = Hel10.Oxford.Emotion\\Hel10.Oxford.Emotion.csproj
		SccProjectName6 = Hel10.Oxford.Emotion
		SccLocalPath6 = Hel10.Oxford.Emotion
	EndGlobalSection
EndGlobal
